// !$*UTF8*$!
{
	archiveVersion = 1;
	classes = {
	};
	objectVersion = 46;
	objects = {

/* Begin PBXBuildFile section */
		86596B0B1C9558E600BFA833 /* AppDelegate.swift in Sources */ = {isa = PBXBuildFile; fileRef = 86596B0A1C9558E600BFA833 /* AppDelegate.swift */; };
		86596B0D1C9558E600BFA833 /* ViewController.swift in Sources */ = {isa = PBXBuildFile; fileRef = 86596B0C1C9558E600BFA833 /* ViewController.swift */; };
		86596B101C9558E600BFA833 /* Main.storyboard in Resources */ = {isa = PBXBuildFile; fileRef = 86596B0E1C9558E600BFA833 /* Main.storyboard */; };
		86596B121C9558E700BFA833 /* Assets.xcassets in Resources */ = {isa = PBXBuildFile; fileRef = 86596B111C9558E700BFA833 /* Assets.xcassets */; };
		86596B151C9558E700BFA833 /* LaunchScreen.storyboard in Resources */ = {isa = PBXBuildFile; fileRef = 86596B131C9558E700BFA833 /* LaunchScreen.storyboard */; };
/* End PBXBuildFile section */

/* Begin PBXFileReference section */
		86596B071C9558E600BFA833 /* GitTestProject.app */ = {isa = PBXFileReference; explicitFileType = wrapper.application; includeInIndex = 0; path = GitTestProject.app; sourceTree = BUILT_PRODUCTS_DIR; };
		86596B0A1C9558E600BFA833 /* AppDelegate.swift */ = {isa = PBXFileReference; lastKnownFileType = sourcecode.swift; path = AppDelegate.swift; sourceTree = "<group>"; };
		86596B0C1C9558E600BFA833 /* ViewController.swift */ = {isa = PBXFileReference; lastKnownFileType = sourcecode.swift; path = ViewController.swift; sourceTree = "<group>"; };
		86596B0F1C9558E600BFA833 /* Base */ = {isa = PBXFileReference; lastKnownFileType = file.storyboard; name = Base; path = Base.lproj/Main.storyboard; sourceTree = "<group>"; };
		86596B111C9558E700BFA833 /* Assets.xcassets */ = {isa = PBXFileReference; lastKnownFileType = folder.assetcatalog; path = Assets.xcassets; sourceTree = "<group>"; };
		86596B141C9558E700BFA833 /* Base */ = {isa = PBXFileReference; lastKnownFileType = file.storyboard; name = Base; path = Base.lproj/LaunchScreen.storyboard; sourceTree = "<group>"; };
		86596B161C9558E700BFA833 /* Info.plist */ = {isa = PBXFileReference; lastKnownFileType = text.plist.xml; path = Info.plist; sourceTree = "<group>"; };
/* End PBXFileReference section */

/* Begin PBXFrameworksBuildPhase section */
		86596B041C9558E600BFA833 /* Frameworks */ = {
			isa = PBXFrameworksBuildPhase;
			buildActionMask = 2147483647;
			files = (
			);
			runOnlyForDeploymentPostprocessing = 0;
		};
/* End PBXFrameworksBuildPhase section */

/* Begin PBXGroup section */
		86596AFE1C9558E600BFA833 = {
			isa = PBXGroup;
			children = (
				86596B091C9558E600BFA833 /* GitTestProject */,
				86596B081C9558E600BFA833 /* Products */,
			);
			sourceTree = "<group>";
		};
		86596B081C9558E600BFA833 /* Products */ = {
			isa = PBXGroup;
			children = (
				86596B071C9558E600BFA833 /* GitTestProject.app */,
			);
			name = Products;
			sourceTree = "<group>";
		};
		86596B091C9558E600BFA833 /* GitTestProject */ = {
			isa = PBXGroup;
			children = (
				86596B0A1C9558E600BFA833 /* AppDelegate.swift */,
				86596B0C1C9558E600BFA833 /* ViewController.swift */,
				86596B0E1C9558E600BFA833 /* Main.storyboard */,
				86596B111C9558E700BFA833 /* Assets.xcassets */,
				86596B131C9558E700BFA833 /* LaunchScreen.storyboard */,
				86596B161C9558E700BFA833 /* Info.plist */,
			);
			path = GitTestProject;
			sourceTree = "<group>";
		};
/* End PBXGroup section */

/* Begin PBXNativeTarget section */
		86596B061C9558E600BFA833 /* GitTestProject */ = {
			isa = PBXNativeTarget;
			buildConfigurationList = 86596B191C9558E700BFA833 /* Build configuration list for PBXNativeTarget "GitTestProject" */;
			buildPhases = (
				86596B031C9558E600BFA833 /* Sources */,
				86596B041C9558E600BFA833 /* Frameworks */,
				86596B051C9558E600BFA833 /* Resources */,
			);
			buildRules = (
			);
			dependencies = (
			);
			name = GitTestProject;
			productName = GitTestProject;
			productReference = 86596B071C9558E600BFA833 /* GitTestProject.app */;
			productType = "com.apple.product-type.application";
		};
/* End PBXNativeTarget section */

/* Begin PBXProject section */
		86596AFF1C9558E600BFA833 /* Project object */ = {
			isa = PBXProject;
			attributes = {
				LastSwiftUpdateCheck = 0720;
				LastUpgradeCheck = 0720;
				ORGANIZATIONNAME = "JUNGJIN SIL";
				TargetAttributes = {
					86596B061C9558E600BFA833 = {
						CreatedOnToolsVersion = 7.2.1;
					};
				};
			};
			buildConfigurationList = 86596B021C9558E600BFA833 /* Build configuration list for PBXProject "GitTestProject" */;
			compatibilityVersion = "Xcode 3.2";
			developmentRegion = English;
			hasScannedForEncodings = 0;
			knownRegions = (
				en,
				Base,
			);
			mainGroup = 86596AFE1C9558E600BFA833;
			productRefGroup = 86596B081C9558E600BFA833 /* Products */;
			projectDirPath = "";
			projectRoot = "";
			targets = (
				86596B061C9558E600BFA833 /* GitTestProject */,
			);
		};
/* End PBXProject section */

/* Begin PBXResourcesBuildPhase section */
		86596B051C9558E600BFA833 /* Resources */ = {
			isa = PBXResourcesBuildPhase;
			buildActionMask = 2147483647;
			files = (
				86596B151C9558E700BFA833 /* LaunchScreen.storyboard in Resources */,
				86596B121C9558E700BFA833 /* Assets.xcassets in Resources */,
				86596B101C9558E600BFA833 /* Main.storyboard in Resources */,
			);
			runOnlyForDeploymentPostprocessing = 0;
		};
/* End PBXResourcesBuildPhase section */

/* Begin PBXSourcesBuildPhase section */
		86596B031C9558E600BFA833 /* Sources */ = {
			isa = PBXSourcesBuildPhase;
			buildActionMask = 2147483647;
			files = (
				86596B0D1C9558E600BFA833 /* ViewController.swift in Sources */,
				86596B0B1C9558E600BFA833 /* AppDelegate.swift in Sources */,
			);
			runOnlyForDeploymentPostprocessing = 0;
		};
/* End PBXSourcesBuildPhase section */

/* Begin PBXVariantGroup section */
		86596B0E1C9558E600BFA833 /* Main.storyboard */ = {
			isa = PBXVariantGroup;
			children = (
				86596B0F1C9558E600BFA833 /* Base */,
			);
			name = Main.storyboard;
			sourceTree = "<group>";
		};
		86596B131C9558E700BFA833 /* LaunchScreen.storyboard */ = {
			isa = PBXVariantGroup;
			children = (
				86596B141C9558E700BFA833 /* Base */,
			);
			name = LaunchScreen.storyboard;
			sourceTree = "<group>";
		};
/* End PBXVariantGroup section */

/* Begin XCBuildConfiguration section */
		86596B171C9558E700BFA833 /* Debug */ = {
			isa = XCBuildConfiguration;
			buildSettings = {
				ALWAYS_SEARCH_USER_PATHS = NO;
				CLANG_CXX_LANGUAGE_STANDARD = "gnu++0x";
				CLANG_CXX_LIBRARY = "libc++";
				CLANG_ENABLE_MODULES = YES;
				CLANG_ENABLE_OBJC_ARC = YES;
				CLANG_WARN_BOOL_CONVERSION = YES;
				CLANG_WARN_CONSTANT_CONVERSION = YES;
				CLANG_WARN_DIRECT_OBJC_ISA_USAGE = YES_ERROR;
				CLANG_WARN_EMPTY_BODY = YES;
				CLANG_WARN_ENUM_CONVERSION = YES;
				CLANG_WARN_INT_CONVERSION = YES;
				CLANG_WARN_OBJC_ROOT_CLASS = YES_ERROR;
				CLANG_WARN_UNREACHABLE_CODE = YES;
				CLANG_WARN__DUPLICATE_METHOD_MATCH = YES;
				"CODE_SIGN_IDENTITY[sdk=iphoneos*]" = "iPhone Developer";
				COPY_PHASE_STRIP = NO;
				DEBUG_INFORMATION_FORMAT = dwarf;
				ENABLE_STRICT_OBJC_MSGSEND = YES;
				ENABLE_TESTABILITY = YES;
				GCC_C_LANGUAGE_STANDARD = gnu99;
				GCC_DYNAMIC_NO_PIC = NO;
				GCC_NO_COMMON_BLOCKS = YES;
				GCC_OPTIMIZATION_LEVEL = 0;
				GCC_PREPROCESSOR_DEFINITIONS = (
					"DEBUG=1",
					"$(inherited)",
				);
				GCC_WARN_64_TO_32_BIT_CONVERSION = YES;
				GCC_WARN_ABOUT_RETURN_TYPE = YES_ERROR;
				GCC_WARN_UNDECLARED_SELECTOR = YES;
				GCC_WARN_UNINITIALIZED_AUTOS = YES_AGGRESSIVE;
				GCC_WARN_UNUSED_FUNCTION = YES;
				GCC_WARN_UNUSED_VARIABLE = YES;
				IPHONEOS_DEPLOYMENT_TARGET = 9.2;
				MTL_ENABLE_DEBUG_INFO = YES;
				ONLY_ACTIVE_ARCH = YES;
				SDKROOT = iphoneos;
				SWIFT_OPTIMIZATION_LEVEL = "-Onone";
			};
			name = Debug;
		};
		86596B181C9558E700BFA833 /* Release */ = {
			isa = XCBuildConfiguration;
			buildSettings = {
				ALWAYS_SEARCH_USER_PATHS = NO;
				CLANG_CXX_LANGUAGE_STANDARD = "gnu++0x";
				CLANG_CXX_LIBRARY = "libc++";
				CLANG_ENABLE_MODULES = YES;
				CLANG_ENABLE_OBJC_ARC = YES;
				CLANG_WARN_BOOL_CONVERSION = YES;
				CLANG_WARN_CONSTANT_CONVERSION = YES;
				CLANG_WARN_DIRECT_OBJC_ISA_USAGE = YES_ERROR;
				CLANG_WARN_EMPTY_BODY = YES;
				CLANG_WARN_ENUM_CONVERSION = YES;
				CLANG_WARN_INT_CONVERSION = YES;
				CLANG_WARN_OBJC_ROOT_CLASS = YES_ERROR;
				CLANG_WARN_UNREACHABLE_CODE = YES;
				CLANG_WARN__DUPLICATE_METHOD_MATCH = YES;
				"CODE_SIGN_IDENTITY[sdk=iphoneos*]" = "iPhone Developer";
				COPY_PHASE_STRIP = NO;
				DEBUG_INFORMATION_FORMAT = "dwarf-with-dsym";
				ENABLE_NS_ASSERTIONS = NO;
				ENABLE_STRICT_OBJC_MSGSEND = YES;
				GCC_C_LANGUAGE_STANDARD = gnu99;
				GCC_NO_COMMON_BLOCKS = YES;
				GCC_WARN_64_TO_32_BIT_CONVERSION = YES;
				GCC_WARN_ABOUT_RETURN_TYPE = YES_ERROR;
				GCC_WARN_UNDECLARED_SELECTOR = YES;
				GCC_WARN_UNINITIALIZED_AUTOS = YES_AGGRESSIVE;
				GCC_WARN_UNUSED_FUNCTION = YES;
				GCC_WARN_UNUSED_VARIABLE = YES;
				IPHONEOS_DEPLOYMENT_TARGET = 9.2;
				MTL_ENABLE_DEBUG_INFO = NO;
				SDKROOT = iphoneos;
				VALIDATE_PRODUCT = YES;
			};
			name = Release;
		};
		86596B1A1C9558E700BFA833 /* Debug */ = {
			isa = XCBuildConfiguration;
			buildSettings = {
				ASSETCATALOG_COMPILER_APPICON_NAME = AppIcon;
				INFOPLIST_FILE = GitTestProject/Info.plist;
				LD_RUNPATH_SEARCH_PATHS = "$(inherited) @executable_path/Frameworks";
				PRODUCT_BUNDLE_IDENTIFIER = com.jinsil.GitTestProject;
				PRODUCT_NAME = "$(TARGET_NAME)";
			};
			name = Debug;
		};
		86596B1B1C9558E700BFA833 /* Release */ = {
			isa = XCBuildConfiguration;
			buildSettings = {
				ASSETCATALOG_COMPILER_APPICON_NAME = AppIcon;
				INFOPLIST_FILE = GitTestProject/Info.plist;
				LD_RUNPATH_SEARCH_PATHS = "$(inherited) @executable_path/Frameworks";
				PRODUCT_BUNDLE_IDENTIFIER = com.jinsil.GitTestProject;
				PRODUCT_NAME = "$(TARGET_NAME)";
			};
			name = Release;
		};
/* End XCBuildConfiguration section */

/* Begin XCConfigurationList section */
		86596B021C9558E600BFA833 /* Build configuration list for PBXProject "GitTestProject" */ = {
			isa = XCConfigurationList;
			buildConfigurations = (
				86596B171C9558E700BFA833 /* Debug */,
				86596B181C9558E700BFA833 /* Release */,
			);
			defaultConfigurationIsVisible = 0;
			defaultConfigurationName = Release;
		};
		86596B191C9558E700BFA833 /* Build configuration list for PBXNativeTarget "GitTestProject" */ = {
			isa = XCConfigurationList;
			buildConfigurations = (
				86596B1A1C9558E700BFA833 /* Debug */,
				86596B1B1C9558E700BFA833 /* Release */,
			);
			defaultConfigurationIsVisible = 0;
		};
/* End XCConfigurationList section */
	};
	rootObject = 86596AFF1C9558E600BFA833 /* Project object */;
}
