// !$*UTF8*$!
{
	archiveVersion = 1;
	classes = {
	};
	objectVersion = 46;
	objects = {

/* Begin PBXBuildFile section */
		86299ACD1C79C31800F78EEA /* AppDelegate.swift in Sources */ = {isa = PBXBuildFile; fileRef = 86299ACC1C79C31800F78EEA /* AppDelegate.swift */; };
		86299ACF1C79C31800F78EEA /* ViewController.swift in Sources */ = {isa = PBXBuildFile; fileRef = 86299ACE1C79C31800F78EEA /* ViewController.swift */; };
		86299AD21C79C31800F78EEA /* Main.storyboard in Resources */ = {isa = PBXBuildFile; fileRef = 86299AD01C79C31800F78EEA /* Main.storyboard */; };
		86299AD41C79C31800F78EEA /* Assets.xcassets in Resources */ = {isa = PBXBuildFile; fileRef = 86299AD31C79C31800F78EEA /* Assets.xcassets */; };
		86299AD71C79C31800F78EEA /* LaunchScreen.storyboard in Resources */ = {isa = PBXBuildFile; fileRef = 86299AD51C79C31800F78EEA /* LaunchScreen.storyboard */; };
/* End PBXBuildFile section */

/* Begin PBXFileReference section */
		86299AC91C79C31800F78EEA /* 4th.app */ = {isa = PBXFileReference; explicitFileType = wrapper.application; includeInIndex = 0; path = 4th.app; sourceTree = BUILT_PRODUCTS_DIR; };
		86299ACC1C79C31800F78EEA /* AppDelegate.swift */ = {isa = PBXFileReference; lastKnownFileType = sourcecode.swift; path = AppDelegate.swift; sourceTree = "<group>"; };
		86299ACE1C79C31800F78EEA /* ViewController.swift */ = {isa = PBXFileReference; lastKnownFileType = sourcecode.swift; path = ViewController.swift; sourceTree = "<group>"; };
		86299AD11C79C31800F78EEA /* Base */ = {isa = PBXFileReference; lastKnownFileType = file.storyboard; name = Base; path = Base.lproj/Main.storyboard; sourceTree = "<group>"; };
		86299AD31C79C31800F78EEA /* Assets.xcassets */ = {isa = PBXFileReference; lastKnownFileType = folder.assetcatalog; path = Assets.xcassets; sourceTree = "<group>"; };
		86299AD61C79C31800F78EEA /* Base */ = {isa = PBXFileReference; lastKnownFileType = file.storyboard; name = Base; path = Base.lproj/LaunchScreen.storyboard; sourceTree = "<group>"; };
		86299AD81C79C31800F78EEA /* Info.plist */ = {isa = PBXFileReference; lastKnownFileType = text.plist.xml; path = Info.plist; sourceTree = "<group>"; };
/* End PBXFileReference section */

/* Begin PBXFrameworksBuildPhase section */
		86299AC61C79C31800F78EEA /* Frameworks */ = {
			isa = PBXFrameworksBuildPhase;
			buildActionMask = 2147483647;
			files = (
			);
			runOnlyForDeploymentPostprocessing = 0;
		};
/* End PBXFrameworksBuildPhase section */

/* Begin PBXGroup section */
		86299AC01C79C31800F78EEA = {
			isa = PBXGroup;
			children = (
				86299ACB1C79C31800F78EEA /* 4th */,
				86299ACA1C79C31800F78EEA /* Products */,
			);
			sourceTree = "<group>";
		};
		86299ACA1C79C31800F78EEA /* Products */ = {
			isa = PBXGroup;
			children = (
				86299AC91C79C31800F78EEA /* 4th.app */,
			);
			name = Products;
			sourceTree = "<group>";
		};
		86299ACB1C79C31800F78EEA /* 4th */ = {
			isa = PBXGroup;
			children = (
				86299ACC1C79C31800F78EEA /* AppDelegate.swift */,
				86299ACE1C79C31800F78EEA /* ViewController.swift */,
				86299AD01C79C31800F78EEA /* Main.storyboard */,
				86299AD31C79C31800F78EEA /* Assets.xcassets */,
				86299AD51C79C31800F78EEA /* LaunchScreen.storyboard */,
				86299AD81C79C31800F78EEA /* Info.plist */,
			);
			path = 4th;
			sourceTree = "<group>";
		};
/* End PBXGroup section */

/* Begin PBXNativeTarget section */
		86299AC81C79C31800F78EEA /* 4th */ = {
			isa = PBXNativeTarget;
			buildConfigurationList = 86299ADB1C79C31800F78EEA /* Build configuration list for PBXNativeTarget "4th" */;
			buildPhases = (
				86299AC51C79C31800F78EEA /* Sources */,
				86299AC61C79C31800F78EEA /* Frameworks */,
				86299AC71C79C31800F78EEA /* Resources */,
			);
			buildRules = (
			);
			dependencies = (
			);
			name = 4th;
			productName = 4th;
			productReference = 86299AC91C79C31800F78EEA /* 4th.app */;
			productType = "com.apple.product-type.application";
		};
/* End PBXNativeTarget section */

/* Begin PBXProject section */
		86299AC11C79C31800F78EEA /* Project object */ = {
			isa = PBXProject;
			attributes = {
				LastSwiftUpdateCheck = 0720;
				LastUpgradeCheck = 0720;
				ORGANIZATIONNAME = "JUNGJIN SIL";
				TargetAttributes = {
					86299AC81C79C31800F78EEA = {
						CreatedOnToolsVersion = 7.2.1;
					};
				};
			};
			buildConfigurationList = 86299AC41C79C31800F78EEA /* Build configuration list for PBXProject "4th" */;
			compatibilityVersion = "Xcode 3.2";
			developmentRegion = English;
			hasScannedForEncodings = 0;
			knownRegions = (
				en,
				Base,
			);
			mainGroup = 86299AC01C79C31800F78EEA;
			productRefGroup = 86299ACA1C79C31800F78EEA /* Products */;
			projectDirPath = "";
			projectRoot = "";
			targets = (
				86299AC81C79C31800F78EEA /* 4th */,
			);
		};
/* End PBXProject section */

/* Begin PBXResourcesBuildPhase section */
		86299AC71C79C31800F78EEA /* Resources */ = {
			isa = PBXResourcesBuildPhase;
			buildActionMask = 2147483647;
			files = (
				86299AD71C79C31800F78EEA /* LaunchScreen.storyboard in Resources */,
				86299AD41C79C31800F78EEA /* Assets.xcassets in Resources */,
				86299AD21C79C31800F78EEA /* Main.storyboard in Resources */,
			);
			runOnlyForDeploymentPostprocessing = 0;
		};
/* End PBXResourcesBuildPhase section */

/* Begin PBXSourcesBuildPhase section */
		86299AC51C79C31800F78EEA /* Sources */ = {
			isa = PBXSourcesBuildPhase;
			buildActionMask = 2147483647;
			files = (
				86299ACF1C79C31800F78EEA /* ViewController.swift in Sources */,
				86299ACD1C79C31800F78EEA /* AppDelegate.swift in Sources */,
			);
			runOnlyForDeploymentPostprocessing = 0;
		};
/* End PBXSourcesBuildPhase section */

/* Begin PBXVariantGroup section */
		86299AD01C79C31800F78EEA /* Main.storyboard */ = {
			isa = PBXVariantGroup;
			children = (
				86299AD11C79C31800F78EEA /* Base */,
			);
			name = Main.storyboard;
			sourceTree = "<group>";
		};
		86299AD51C79C31800F78EEA /* LaunchScreen.storyboard */ = {
			isa = PBXVariantGroup;
			children = (
				86299AD61C79C31800F78EEA /* Base */,
			);
			name = LaunchScreen.storyboard;
			sourceTree = "<group>";
		};
/* End PBXVariantGroup section */

/* Begin XCBuildConfiguration section */
		86299AD91C79C31800F78EEA /* Debug */ = {
			isa = XCBuildConfiguration;
			buildSettings = {
				ALWAYS_SEARCH_USER_PATHS = NO;
				CLANG_CXX_LANGUAGE_STANDARD = "gnu++0x";
				CLANG_CXX_LIBRARY = "libc++";
				CLANG_ENABLE_MODULES = YES;
				CLANG_ENABLE_OBJC_ARC = YES;
				CLANG_WARN_BOOL_CONVERSION = YES;
				CLANG_WARN_CONSTANT_CONVERSION = YES;
				CLANG_WARN_DIRECT_OBJC_ISA_USAGE = YES_ERROR;
				CLANG_WARN_EMPTY_BODY = YES;
				CLANG_WARN_ENUM_CONVERSION = YES;
				CLANG_WARN_INT_CONVERSION = YES;
				CLANG_WARN_OBJC_ROOT_CLASS = YES_ERROR;
				CLANG_WARN_UNREACHABLE_CODE = YES;
				CLANG_WARN__DUPLICATE_METHOD_MATCH = YES;
				"CODE_SIGN_IDENTITY[sdk=iphoneos*]" = "iPhone Developer";
				COPY_PHASE_STRIP = NO;
				DEBUG_INFORMATION_FORMAT = dwarf;
				ENABLE_STRICT_OBJC_MSGSEND = YES;
				ENABLE_TESTABILITY = YES;
				GCC_C_LANGUAGE_STANDARD = gnu99;
				GCC_DYNAMIC_NO_PIC = NO;
				GCC_NO_COMMON_BLOCKS = YES;
				GCC_OPTIMIZATION_LEVEL = 0;
				GCC_PREPROCESSOR_DEFINITIONS = (
					"DEBUG=1",
					"$(inherited)",
				);
				GCC_WARN_64_TO_32_BIT_CONVERSION = YES;
				GCC_WARN_ABOUT_RETURN_TYPE = YES_ERROR;
				GCC_WARN_UNDECLARED_SELECTOR = YES;
				GCC_WARN_UNINITIALIZED_AUTOS = YES_AGGRESSIVE;
				GCC_WARN_UNUSED_FUNCTION = YES;
				GCC_WARN_UNUSED_VARIABLE = YES;
				IPHONEOS_DEPLOYMENT_TARGET = 9.2;
				MTL_ENABLE_DEBUG_INFO = YES;
				ONLY_ACTIVE_ARCH = YES;
				SDKROOT = iphoneos;
				SWIFT_OPTIMIZATION_LEVEL = "-Onone";
			};
			name = Debug;
		};
		86299ADA1C79C31800F78EEA /* Release */ = {
			isa = XCBuildConfiguration;
			buildSettings = {
				ALWAYS_SEARCH_USER_PATHS = NO;
				CLANG_CXX_LANGUAGE_STANDARD = "gnu++0x";
				CLANG_CXX_LIBRARY = "libc++";
				CLANG_ENABLE_MODULES = YES;
				CLANG_ENABLE_OBJC_ARC = YES;
				CLANG_WARN_BOOL_CONVERSION = YES;
				CLANG_WARN_CONSTANT_CONVERSION = YES;
				CLANG_WARN_DIRECT_OBJC_ISA_USAGE = YES_ERROR;
				CLANG_WARN_EMPTY_BODY = YES;
				CLANG_WARN_ENUM_CONVERSION = YES;
				CLANG_WARN_INT_CONVERSION = YES;
				CLANG_WARN_OBJC_ROOT_CLASS = YES_ERROR;
				CLANG_WARN_UNREACHABLE_CODE = YES;
				CLANG_WARN__DUPLICATE_METHOD_MATCH = YES;
				"CODE_SIGN_IDENTITY[sdk=iphoneos*]" = "iPhone Developer";
				COPY_PHASE_STRIP = NO;
				DEBUG_INFORMATION_FORMAT = "dwarf-with-dsym";
				ENABLE_NS_ASSERTIONS = NO;
				ENABLE_STRICT_OBJC_MSGSEND = YES;
				GCC_C_LANGUAGE_STANDARD = gnu99;
				GCC_NO_COMMON_BLOCKS = YES;
				GCC_WARN_64_TO_32_BIT_CONVERSION = YES;
				GCC_WARN_ABOUT_RETURN_TYPE = YES_ERROR;
				GCC_WARN_UNDECLARED_SELECTOR = YES;
				GCC_WARN_UNINITIALIZED_AUTOS = YES_AGGRESSIVE;
				GCC_WARN_UNUSED_FUNCTION = YES;
				GCC_WARN_UNUSED_VARIABLE = YES;
				IPHONEOS_DEPLOYMENT_TARGET = 9.2;
				MTL_ENABLE_DEBUG_INFO = NO;
				SDKROOT = iphoneos;
				VALIDATE_PRODUCT = YES;
			};
			name = Release;
		};
		86299ADC1C79C31800F78EEA /* Debug */ = {
			isa = XCBuildConfiguration;
			buildSettings = {
				ASSETCATALOG_COMPILER_APPICON_NAME = AppIcon;
				INFOPLIST_FILE = 4th/Info.plist;
				LD_RUNPATH_SEARCH_PATHS = "$(inherited) @executable_path/Frameworks";
				PRODUCT_BUNDLE_IDENTIFIER = "com.jinsil.-th";
				PRODUCT_NAME = "$(TARGET_NAME)";
			};
			name = Debug;
		};
		86299ADD1C79C31800F78EEA /* Release */ = {
			isa = XCBuildConfiguration;
			buildSettings = {
				ASSETCATALOG_COMPILER_APPICON_NAME = AppIcon;
				INFOPLIST_FILE = 4th/Info.plist;
				LD_RUNPATH_SEARCH_PATHS = "$(inherited) @executable_path/Frameworks";
				PRODUCT_BUNDLE_IDENTIFIER = "com.jinsil.-th";
				PRODUCT_NAME = "$(TARGET_NAME)";
			};
			name = Release;
		};
/* End XCBuildConfiguration section */

/* Begin XCConfigurationList section */
		86299AC41C79C31800F78EEA /* Build configuration list for PBXProject "4th" */ = {
			isa = XCConfigurationList;
			buildConfigurations = (
				86299AD91C79C31800F78EEA /* Debug */,
				86299ADA1C79C31800F78EEA /* Release */,
			);
			defaultConfigurationIsVisible = 0;
			defaultConfigurationName = Release;
		};
		86299ADB1C79C31800F78EEA /* Build configuration list for PBXNativeTarget "4th" */ = {
			isa = XCConfigurationList;
			buildConfigurations = (
				86299ADC1C79C31800F78EEA /* Debug */,
				86299ADD1C79C31800F78EEA /* Release */,
			);
			defaultConfigurationIsVisible = 0;
		};
/* End XCConfigurationList section */
	};
	rootObject = 86299AC11C79C31800F78EEA /* Project object */;
}
